
Microsoft Visual Studio Solution File, Format Version 12.00
# Visual Studio Version 17
VisualStudioVersion = 17.14.36212.18 d17.14
MinimumVisualStudioVersion = 10.0.40219.1
Project("{FAE04EC0-301F-11D3-BF4B-00C04F79EFBC}") = "Sertec", "Sertec\Sertec.csproj", "{62746720-524B-4977-A4BA-2C82F45D91C5}"
EndProject
Global
	GlobalSection(SolutionConfigurationPlatforms) = preSolution
		Debug|Any CPU = Debug|Any CPU
		Release|Any CPU = Release|Any CPU
	EndGlobalSection
	GlobalSection(ProjectConfigurationPlatforms) = postSolution
		{62746720-524B-4977-A4BA-2C82F45D91C5}.Debug|Any CPU.ActiveCfg = Debug|Any CPU
		{62746720-524B-4977-A4BA-2C82F45D91C5}.Debug|Any CPU.Build.0 = Debug|Any CPU
		{62746720-524B-4977-A4BA-2C82F45D91C5}.Release|Any CPU.ActiveCfg = Release|Any CPU
		{62746720-524B-4977-A4BA-2C82F45D91C5}.Release|Any CPU.Build.0 = Release|Any CPU
	EndGlobalSection
	GlobalSection(SolutionProperties) = preSolution
		HideSolutionNode = FALSE
	EndGlobalSection
	GlobalSection(ExtensibilityGlobals) = postSolution
		SolutionGuid = {898189EB-A5F7-4200-801C-1D2F09D13025}
	EndGlobalSection
EndGlobal
